// !$*UTF8*$!
{
	archiveVersion = 1;
	classes = {
	};
	objectVersion = 46;
	objects = {

/* Begin PBXBuildFile section */
		2DBB0A811E6B07F1009F9E4F /* MoviesTests.swift in Sources */ = {isa = PBXBuildFile; fileRef = 2DBB0A801E6B07F1009F9E4F /* MoviesTests.swift */; };
		2DBB0A8C1E6B07F1009F9E4F /* MoviesUITests.swift in Sources */ = {isa = PBXBuildFile; fileRef = 2DBB0A8B1E6B07F1009F9E4F /* MoviesUITests.swift */; };
		2DBB0AA01E6B09D9009F9E4F /* AppDelegate.swift in Sources */ = {isa = PBXBuildFile; fileRef = 2DBB0A9F1E6B09D9009F9E4F /* AppDelegate.swift */; };
		2DBB0AA21E6B09F0009F9E4F /* Assets.xcassets in Resources */ = {isa = PBXBuildFile; fileRef = 2DBB0AA11E6B09F0009F9E4F /* Assets.xcassets */; };
		2DBB0AAD1E6B0A77009F9E4F /* Main.storyboard in Resources */ = {isa = PBXBuildFile; fileRef = 2DBB0AAB1E6B0A77009F9E4F /* Main.storyboard */; };
		2DBB0AAE1E6B0A77009F9E4F /* ViewController.swift in Sources */ = {isa = PBXBuildFile; fileRef = 2DBB0AAC1E6B0A77009F9E4F /* ViewController.swift */; };
		2DBB0AB11E6B0AA3009F9E4F /* LaunchScreen.storyboard in Resources */ = {isa = PBXBuildFile; fileRef = 2DBB0AB01E6B0AA3009F9E4F /* LaunchScreen.storyboard */; };
		2DBB0AB31E6B0ACF009F9E4F /* Info.plist in Resources */ = {isa = PBXBuildFile; fileRef = 2DBB0AB21E6B0ACF009F9E4F /* Info.plist */; };
		2DBB0ABB1E6B0C66009F9E4F /* RequestHeaders.swift in Sources */ = {isa = PBXBuildFile; fileRef = 2DBB0ABA1E6B0C66009F9E4F /* RequestHeaders.swift */; };
		2DBB0ABE1E6B0E1C009F9E4F /* UICollectionView.swift in Sources */ = {isa = PBXBuildFile; fileRef = 2DBB0ABD1E6B0E1C009F9E4F /* UICollectionView.swift */; };
		2DBB0AC11E6B0E5D009F9E4F /* UIStoryboard.swift in Sources */ = {isa = PBXBuildFile; fileRef = 2DBB0AC01E6B0E5D009F9E4F /* UIStoryboard.swift */; };
		2DBB0AC41E6B0E96009F9E4F /* UITableView.swift in Sources */ = {isa = PBXBuildFile; fileRef = 2DBB0AC31E6B0E96009F9E4F /* UITableView.swift */; };
		2DBB0ACC1E6B0F25009F9E4F /* Alamofire.framework in Frameworks */ = {isa = PBXBuildFile; fileRef = 2DBB0AC71E6B0F25009F9E4F /* Alamofire.framework */; };
		2DBB0ACD1E6B0F25009F9E4F /* Kingfisher.framework in Frameworks */ = {isa = PBXBuildFile; fileRef = 2DBB0AC81E6B0F25009F9E4F /* Kingfisher.framework */; };
		2DBB0ACE1E6B0F25009F9E4F /* ObjectMapper.framework in Frameworks */ = {isa = PBXBuildFile; fileRef = 2DBB0AC91E6B0F25009F9E4F /* ObjectMapper.framework */; };
		2DBB0ACF1E6B0F25009F9E4F /* Realm.framework in Frameworks */ = {isa = PBXBuildFile; fileRef = 2DBB0ACA1E6B0F25009F9E4F /* Realm.framework */; };
		2DBB0AD01E6B0F25009F9E4F /* RealmSwift.framework in Frameworks */ = {isa = PBXBuildFile; fileRef = 2DBB0ACB1E6B0F25009F9E4F /* RealmSwift.framework */; };
		2DBB0AD41E6B0FCB009F9E4F /* UIImageView.swift in Sources */ = {isa = PBXBuildFile; fileRef = 2DBB0AD31E6B0FCB009F9E4F /* UIImageView.swift */; };
		2DBB0AD61E6B1056009F9E4F /* APIConfig.swift in Sources */ = {isa = PBXBuildFile; fileRef = 2DBB0AD51E6B1056009F9E4F /* APIConfig.swift */; };
		2DBB0AD81E6B108E009F9E4F /* APIQuery.swift in Sources */ = {isa = PBXBuildFile; fileRef = 2DBB0AD71E6B108E009F9E4F /* APIQuery.swift */; };
		2DBB0ADA1E6B10B8009F9E4F /* APIRouter.swift in Sources */ = {isa = PBXBuildFile; fileRef = 2DBB0AD91E6B10B8009F9E4F /* APIRouter.swift */; };
/* End PBXBuildFile section */

/* Begin PBXContainerItemProxy section */
		2DBB0A7D1E6B07F1009F9E4F /* PBXContainerItemProxy */ = {
			isa = PBXContainerItemProxy;
			containerPortal = 2DBB0A601E6B07F1009F9E4F /* Project object */;
			proxyType = 1;
			remoteGlobalIDString = 2DBB0A671E6B07F1009F9E4F;
			remoteInfo = Movies;
		};
		2DBB0A881E6B07F1009F9E4F /* PBXContainerItemProxy */ = {
			isa = PBXContainerItemProxy;
			containerPortal = 2DBB0A601E6B07F1009F9E4F /* Project object */;
			proxyType = 1;
			remoteGlobalIDString = 2DBB0A671E6B07F1009F9E4F;
			remoteInfo = Movies;
		};
/* End PBXContainerItemProxy section */

/* Begin PBXFileReference section */
		2DBB0A681E6B07F1009F9E4F /* Movies.app */ = {isa = PBXFileReference; explicitFileType = wrapper.application; includeInIndex = 0; path = Movies.app; sourceTree = BUILT_PRODUCTS_DIR; };
		2DBB0A7C1E6B07F1009F9E4F /* MoviesTests.xctest */ = {isa = PBXFileReference; explicitFileType = wrapper.cfbundle; includeInIndex = 0; path = MoviesTests.xctest; sourceTree = BUILT_PRODUCTS_DIR; };
		2DBB0A801E6B07F1009F9E4F /* MoviesTests.swift */ = {isa = PBXFileReference; lastKnownFileType = sourcecode.swift; path = MoviesTests.swift; sourceTree = "<group>"; };
		2DBB0A821E6B07F1009F9E4F /* Info.plist */ = {isa = PBXFileReference; lastKnownFileType = text.plist.xml; path = Info.plist; sourceTree = "<group>"; };
		2DBB0A871E6B07F1009F9E4F /* MoviesUITests.xctest */ = {isa = PBXFileReference; explicitFileType = wrapper.cfbundle; includeInIndex = 0; path = MoviesUITests.xctest; sourceTree = BUILT_PRODUCTS_DIR; };
		2DBB0A8B1E6B07F1009F9E4F /* MoviesUITests.swift */ = {isa = PBXFileReference; lastKnownFileType = sourcecode.swift; path = MoviesUITests.swift; sourceTree = "<group>"; };
		2DBB0A8D1E6B07F1009F9E4F /* Info.plist */ = {isa = PBXFileReference; lastKnownFileType = text.plist.xml; path = Info.plist; sourceTree = "<group>"; };
		2DBB0A9F1E6B09D9009F9E4F /* AppDelegate.swift */ = {isa = PBXFileReference; fileEncoding = 4; lastKnownFileType = sourcecode.swift; name = AppDelegate.swift; path = Base/AppDelegate.swift; sourceTree = "<group>"; };
		2DBB0AA11E6B09F0009F9E4F /* Assets.xcassets */ = {isa = PBXFileReference; lastKnownFileType = folder.assetcatalog; name = Assets.xcassets; path = Resources/Assets.xcassets; sourceTree = "<group>"; };
		2DBB0AAB1E6B0A77009F9E4F /* Main.storyboard */ = {isa = PBXFileReference; fileEncoding = 4; lastKnownFileType = file.storyboard; path = Main.storyboard; sourceTree = "<group>"; };
		2DBB0AAC1E6B0A77009F9E4F /* ViewController.swift */ = {isa = PBXFileReference; fileEncoding = 4; lastKnownFileType = sourcecode.swift; path = ViewController.swift; sourceTree = "<group>"; };
		2DBB0AB01E6B0AA3009F9E4F /* LaunchScreen.storyboard */ = {isa = PBXFileReference; fileEncoding = 4; lastKnownFileType = file.storyboard; path = LaunchScreen.storyboard; sourceTree = "<group>"; };
		2DBB0AB21E6B0ACF009F9E4F /* Info.plist */ = {isa = PBXFileReference; fileEncoding = 4; lastKnownFileType = text.plist.xml; name = Info.plist; path = Config/Info.plist; sourceTree = "<group>"; };
		2DBB0ABA1E6B0C66009F9E4F /* RequestHeaders.swift */ = {isa = PBXFileReference; fileEncoding = 4; lastKnownFileType = sourcecode.swift; name = RequestHeaders.swift; path = Config/API/Extensions/RequestHeaders.swift; sourceTree = "<group>"; };
		2DBB0ABD1E6B0E1C009F9E4F /* UICollectionView.swift */ = {isa = PBXFileReference; fileEncoding = 4; lastKnownFileType = sourcecode.swift; name = UICollectionView.swift; path = Extensions/UICollectionView/UICollectionView.swift; sourceTree = "<group>"; };
		2DBB0AC01E6B0E5D009F9E4F /* UIStoryboard.swift */ = {isa = PBXFileReference; fileEncoding = 4; lastKnownFileType = sourcecode.swift; name = UIStoryboard.swift; path = Extensions/UIStoryboard/UIStoryboard.swift; sourceTree = "<group>"; };
		2DBB0AC31E6B0E96009F9E4F /* UITableView.swift */ = {isa = PBXFileReference; fileEncoding = 4; lastKnownFileType = sourcecode.swift; name = UITableView.swift; path = Extensions/UITableView/UITableView.swift; sourceTree = "<group>"; };
		2DBB0AC71E6B0F25009F9E4F /* Alamofire.framework */ = {isa = PBXFileReference; lastKnownFileType = wrapper.framework; path = Alamofire.framework; sourceTree = "<group>"; };
		2DBB0AC81E6B0F25009F9E4F /* Kingfisher.framework */ = {isa = PBXFileReference; lastKnownFileType = wrapper.framework; path = Kingfisher.framework; sourceTree = "<group>"; };
		2DBB0AC91E6B0F25009F9E4F /* ObjectMapper.framework */ = {isa = PBXFileReference; lastKnownFileType = wrapper.framework; path = ObjectMapper.framework; sourceTree = "<group>"; };
		2DBB0ACA1E6B0F25009F9E4F /* Realm.framework */ = {isa = PBXFileReference; lastKnownFileType = wrapper.framework; path = Realm.framework; sourceTree = "<group>"; };
		2DBB0ACB1E6B0F25009F9E4F /* RealmSwift.framework */ = {isa = PBXFileReference; lastKnownFileType = wrapper.framework; path = RealmSwift.framework; sourceTree = "<group>"; };
		2DBB0AD31E6B0FCB009F9E4F /* UIImageView.swift */ = {isa = PBXFileReference; fileEncoding = 4; lastKnownFileType = sourcecode.swift; name = UIImageView.swift; path = Extensions/UIImageView/UIImageView.swift; sourceTree = "<group>"; };
		2DBB0AD51E6B1056009F9E4F /* APIConfig.swift */ = {isa = PBXFileReference; fileEncoding = 4; lastKnownFileType = sourcecode.swift; name = APIConfig.swift; path = Config/API/Config/APIConfig.swift; sourceTree = "<group>"; };
		2DBB0AD71E6B108E009F9E4F /* APIQuery.swift */ = {isa = PBXFileReference; fileEncoding = 4; lastKnownFileType = sourcecode.swift; name = APIQuery.swift; path = Config/API/Query/APIQuery.swift; sourceTree = "<group>"; };
		2DBB0AD91E6B10B8009F9E4F /* APIRouter.swift */ = {isa = PBXFileReference; fileEncoding = 4; lastKnownFileType = sourcecode.swift; name = APIRouter.swift; path = Config/API/Router/APIRouter.swift; sourceTree = "<group>"; };
/* End PBXFileReference section */

/* Begin PBXFrameworksBuildPhase section */
		2DBB0A651E6B07F1009F9E4F /* Frameworks */ = {
			isa = PBXFrameworksBuildPhase;
			buildActionMask = 2147483647;
			files = (
				2DBB0ACF1E6B0F25009F9E4F /* Realm.framework in Frameworks */,
				2DBB0AD01E6B0F25009F9E4F /* RealmSwift.framework in Frameworks */,
				2DBB0ACE1E6B0F25009F9E4F /* ObjectMapper.framework in Frameworks */,
				2DBB0ACD1E6B0F25009F9E4F /* Kingfisher.framework in Frameworks */,
				2DBB0ACC1E6B0F25009F9E4F /* Alamofire.framework in Frameworks */,
			);
			runOnlyForDeploymentPostprocessing = 0;
		};
		2DBB0A791E6B07F1009F9E4F /* Frameworks */ = {
			isa = PBXFrameworksBuildPhase;
			buildActionMask = 2147483647;
			files = (
			);
			runOnlyForDeploymentPostprocessing = 0;
		};
		2DBB0A841E6B07F1009F9E4F /* Frameworks */ = {
			isa = PBXFrameworksBuildPhase;
			buildActionMask = 2147483647;
			files = (
			);
			runOnlyForDeploymentPostprocessing = 0;
		};
/* End PBXFrameworksBuildPhase section */

/* Begin PBXGroup section */
		2DBB0A5F1E6B07F1009F9E4F = {
			isa = PBXGroup;
			children = (
				2DBB0AC61E6B0F25009F9E4F /* Frameworks */,
				2DBB0A6A1E6B07F1009F9E4F /* Movies */,
				2DBB0A7F1E6B07F1009F9E4F /* MoviesTests */,
				2DBB0A8A1E6B07F1009F9E4F /* MoviesUITests */,
				2DBB0A691E6B07F1009F9E4F /* Products */,
			);
			sourceTree = "<group>";
		};
		2DBB0A691E6B07F1009F9E4F /* Products */ = {
			isa = PBXGroup;
			children = (
				2DBB0A681E6B07F1009F9E4F /* Movies.app */,
				2DBB0A7C1E6B07F1009F9E4F /* MoviesTests.xctest */,
				2DBB0A871E6B07F1009F9E4F /* MoviesUITests.xctest */,
			);
			name = Products;
			sourceTree = "<group>";
		};
		2DBB0A6A1E6B07F1009F9E4F /* Movies */ = {
			isa = PBXGroup;
			children = (
				2DBB0A991E6B0887009F9E4F /* Base */,
				2DBB0A9D1E6B08D2009F9E4F /* Config */,
				2DBB0A9A1E6B0891009F9E4F /* Controllers */,
				2DBB0A9C1E6B089C009F9E4F /* Extensions */,
				2DBB0A9B1E6B0897009F9E4F /* Models */,
				2DBB0A9E1E6B0985009F9E4F /* Resources */,
				2DBB0AA31E6B0A01009F9E4F /* ViewControllers */,
			);
			path = Movies;
			sourceTree = "<group>";
		};
		2DBB0A7F1E6B07F1009F9E4F /* MoviesTests */ = {
			isa = PBXGroup;
			children = (
				2DBB0A801E6B07F1009F9E4F /* MoviesTests.swift */,
				2DBB0A821E6B07F1009F9E4F /* Info.plist */,
			);
			path = MoviesTests;
			sourceTree = "<group>";
		};
		2DBB0A8A1E6B07F1009F9E4F /* MoviesUITests */ = {
			isa = PBXGroup;
			children = (
				2DBB0A8B1E6B07F1009F9E4F /* MoviesUITests.swift */,
				2DBB0A8D1E6B07F1009F9E4F /* Info.plist */,
			);
			path = MoviesUITests;
			sourceTree = "<group>";
		};
		2DBB0A991E6B0887009F9E4F /* Base */ = {
			isa = PBXGroup;
			children = (
				2DBB0A9F1E6B09D9009F9E4F /* AppDelegate.swift */,
			);
			name = Base;
			sourceTree = "<group>";
		};
		2DBB0A9A1E6B0891009F9E4F /* Controllers */ = {
			isa = PBXGroup;
			children = (
			);
			name = Controllers;
			sourceTree = "<group>";
		};
		2DBB0A9B1E6B0897009F9E4F /* Models */ = {
			isa = PBXGroup;
			children = (
			);
			name = Models;
			sourceTree = "<group>";
		};
		2DBB0A9C1E6B089C009F9E4F /* Extensions */ = {
			isa = PBXGroup;
			children = (
				2DBB0AD21E6B0FAF009F9E4F /* UIImageView */,
				2DBB0AC21E6B0E87009F9E4F /* UITableView */,
				2DBB0ABF1E6B0E49009F9E4F /* UIStoryboard */,
				2DBB0ABC1E6B0DFF009F9E4F /* UICollectionView */,
			);
			name = Extensions;
			sourceTree = "<group>";
		};
		2DBB0A9D1E6B08D2009F9E4F /* Config */ = {
			isa = PBXGroup;
			children = (
				2DBB0AB51E6B0BB7009F9E4F /* API */,
				2DBB0AB21E6B0ACF009F9E4F /* Info.plist */,
			);
			name = Config;
			sourceTree = "<group>";
		};
		2DBB0A9E1E6B0985009F9E4F /* Resources */ = {
			isa = PBXGroup;
			children = (
				2DBB0AA11E6B09F0009F9E4F /* Assets.xcassets */,
			);
			name = Resources;
			sourceTree = "<group>";
		};
		2DBB0AA31E6B0A01009F9E4F /* ViewControllers */ = {
			isa = PBXGroup;
			children = (
				2DBB0AA91E6B0A77009F9E4F /* App */,
			);
			name = ViewControllers;
			sourceTree = "<group>";
		};
		2DBB0AA91E6B0A77009F9E4F /* App */ = {
			isa = PBXGroup;
			children = (
				2DBB0AAF1E6B0AA3009F9E4F /* LaunchScreen */,
				2DBB0AAA1E6B0A77009F9E4F /* Main */,
			);
			name = App;
			path = ViewControllers/App;
			sourceTree = "<group>";
		};
		2DBB0AAA1E6B0A77009F9E4F /* Main */ = {
			isa = PBXGroup;
			children = (
				2DBB0AAB1E6B0A77009F9E4F /* Main.storyboard */,
				2DBB0AAC1E6B0A77009F9E4F /* ViewController.swift */,
			);
			path = Main;
			sourceTree = "<group>";
		};
		2DBB0AAF1E6B0AA3009F9E4F /* LaunchScreen */ = {
			isa = PBXGroup;
			children = (
				2DBB0AB01E6B0AA3009F9E4F /* LaunchScreen.storyboard */,
			);
			path = LaunchScreen;
			sourceTree = "<group>";
		};
		2DBB0AB51E6B0BB7009F9E4F /* API */ = {
			isa = PBXGroup;
			children = (
				2DBB0AB61E6B0BD8009F9E4F /* Config */,
				2DBB0AB71E6B0BDD009F9E4F /* Extensions */,
				2DBB0AB81E6B0BE4009F9E4F /* Query */,
				2DBB0AB91E6B0BE9009F9E4F /* Router */,
			);
			name = API;
			sourceTree = "<group>";
		};
		2DBB0AB61E6B0BD8009F9E4F /* Config */ = {
			isa = PBXGroup;
			children = (
				2DBB0AD51E6B1056009F9E4F /* APIConfig.swift */,
			);
			name = Config;
			sourceTree = "<group>";
		};
		2DBB0AB71E6B0BDD009F9E4F /* Extensions */ = {
			isa = PBXGroup;
			children = (
				2DBB0ABA1E6B0C66009F9E4F /* RequestHeaders.swift */,
			);
			name = Extensions;
			sourceTree = "<group>";
		};
		2DBB0AB81E6B0BE4009F9E4F /* Query */ = {
			isa = PBXGroup;
			children = (
				2DBB0AD71E6B108E009F9E4F /* APIQuery.swift */,
			);
			name = Query;
			sourceTree = "<group>";
		};
		2DBB0AB91E6B0BE9009F9E4F /* Router */ = {
			isa = PBXGroup;
			children = (
				2DBB0AD91E6B10B8009F9E4F /* APIRouter.swift */,
			);
			name = Router;
			sourceTree = "<group>";
		};
		2DBB0ABC1E6B0DFF009F9E4F /* UICollectionView */ = {
			isa = PBXGroup;
			children = (
				2DBB0ABD1E6B0E1C009F9E4F /* UICollectionView.swift */,
			);
			name = UICollectionView;
			sourceTree = "<group>";
		};
		2DBB0ABF1E6B0E49009F9E4F /* UIStoryboard */ = {
			isa = PBXGroup;
			children = (
				2DBB0AC01E6B0E5D009F9E4F /* UIStoryboard.swift */,
			);
			name = UIStoryboard;
			sourceTree = "<group>";
		};
		2DBB0AC21E6B0E87009F9E4F /* UITableView */ = {
			isa = PBXGroup;
			children = (
				2DBB0AC31E6B0E96009F9E4F /* UITableView.swift */,
			);
			name = UITableView;
			sourceTree = "<group>";
		};
		2DBB0AC61E6B0F25009F9E4F /* Frameworks */ = {
			isa = PBXGroup;
			children = (
				2DBB0AC71E6B0F25009F9E4F /* Alamofire.framework */,
				2DBB0AC81E6B0F25009F9E4F /* Kingfisher.framework */,
				2DBB0AC91E6B0F25009F9E4F /* ObjectMapper.framework */,
				2DBB0ACA1E6B0F25009F9E4F /* Realm.framework */,
				2DBB0ACB1E6B0F25009F9E4F /* RealmSwift.framework */,
			);
			path = Frameworks;
			sourceTree = "<group>";
		};
		2DBB0AD21E6B0FAF009F9E4F /* UIImageView */ = {
			isa = PBXGroup;
			children = (
				2DBB0AD31E6B0FCB009F9E4F /* UIImageView.swift */,
			);
			name = UIImageView;
			sourceTree = "<group>";
		};
/* End PBXGroup section */

/* Begin PBXNativeTarget section */
		2DBB0A671E6B07F1009F9E4F /* Movies */ = {
			isa = PBXNativeTarget;
			buildConfigurationList = 2DBB0A901E6B07F1009F9E4F /* Build configuration list for PBXNativeTarget "Movies" */;
			buildPhases = (
				2DBB0A641E6B07F1009F9E4F /* Sources */,
				2DBB0A651E6B07F1009F9E4F /* Frameworks */,
				2DBB0A661E6B07F1009F9E4F /* Resources */,
				2DBB0AD11E6B0F38009F9E4F /* ShellScript */,
			);
			buildRules = (
			);
			dependencies = (
			);
			name = Movies;
			productName = Movies;
			productReference = 2DBB0A681E6B07F1009F9E4F /* Movies.app */;
			productType = "com.apple.product-type.application";
		};
		2DBB0A7B1E6B07F1009F9E4F /* MoviesTests */ = {
			isa = PBXNativeTarget;
			buildConfigurationList = 2DBB0A931E6B07F1009F9E4F /* Build configuration list for PBXNativeTarget "MoviesTests" */;
			buildPhases = (
				2DBB0A781E6B07F1009F9E4F /* Sources */,
				2DBB0A791E6B07F1009F9E4F /* Frameworks */,
				2DBB0A7A1E6B07F1009F9E4F /* Resources */,
			);
			buildRules = (
			);
			dependencies = (
				2DBB0A7E1E6B07F1009F9E4F /* PBXTargetDependency */,
			);
			name = MoviesTests;
			productName = MoviesTests;
			productReference = 2DBB0A7C1E6B07F1009F9E4F /* MoviesTests.xctest */;
			productType = "com.apple.product-type.bundle.unit-test";
		};
		2DBB0A861E6B07F1009F9E4F /* MoviesUITests */ = {
			isa = PBXNativeTarget;
			buildConfigurationList = 2DBB0A961E6B07F1009F9E4F /* Build configuration list for PBXNativeTarget "MoviesUITests" */;
			buildPhases = (
				2DBB0A831E6B07F1009F9E4F /* Sources */,
				2DBB0A841E6B07F1009F9E4F /* Frameworks */,
				2DBB0A851E6B07F1009F9E4F /* Resources */,
			);
			buildRules = (
			);
			dependencies = (
				2DBB0A891E6B07F1009F9E4F /* PBXTargetDependency */,
			);
			name = MoviesUITests;
			productName = MoviesUITests;
			productReference = 2DBB0A871E6B07F1009F9E4F /* MoviesUITests.xctest */;
			productType = "com.apple.product-type.bundle.ui-testing";
		};
/* End PBXNativeTarget section */

/* Begin PBXProject section */
		2DBB0A601E6B07F1009F9E4F /* Project object */ = {
			isa = PBXProject;
			attributes = {
				LastSwiftUpdateCheck = 0820;
				LastUpgradeCheck = 0820;
				ORGANIZATIONNAME = "Nelson Bolivar";
				TargetAttributes = {
					2DBB0A671E6B07F1009F9E4F = {
						CreatedOnToolsVersion = 8.2.1;
						DevelopmentTeam = TUCZH33VDS;
						ProvisioningStyle = Automatic;
					};
					2DBB0A7B1E6B07F1009F9E4F = {
						CreatedOnToolsVersion = 8.2.1;
						DevelopmentTeam = TUCZH33VDS;
						ProvisioningStyle = Automatic;
						TestTargetID = 2DBB0A671E6B07F1009F9E4F;
					};
					2DBB0A861E6B07F1009F9E4F = {
						CreatedOnToolsVersion = 8.2.1;
						DevelopmentTeam = TUCZH33VDS;
						ProvisioningStyle = Automatic;
						TestTargetID = 2DBB0A671E6B07F1009F9E4F;
					};
				};
			};
			buildConfigurationList = 2DBB0A631E6B07F1009F9E4F /* Build configuration list for PBXProject "Movies" */;
			compatibilityVersion = "Xcode 3.2";
			developmentRegion = English;
			hasScannedForEncodings = 0;
			knownRegions = (
				en,
				Base,
			);
			mainGroup = 2DBB0A5F1E6B07F1009F9E4F;
			productRefGroup = 2DBB0A691E6B07F1009F9E4F /* Products */;
			projectDirPath = "";
			projectRoot = "";
			targets = (
				2DBB0A671E6B07F1009F9E4F /* Movies */,
				2DBB0A7B1E6B07F1009F9E4F /* MoviesTests */,
				2DBB0A861E6B07F1009F9E4F /* MoviesUITests */,
			);
		};
/* End PBXProject section */

/* Begin PBXResourcesBuildPhase section */
		2DBB0A661E6B07F1009F9E4F /* Resources */ = {
			isa = PBXResourcesBuildPhase;
			buildActionMask = 2147483647;
			files = (
				2DBB0AB31E6B0ACF009F9E4F /* Info.plist in Resources */,
				2DBB0AB11E6B0AA3009F9E4F /* LaunchScreen.storyboard in Resources */,
				2DBB0AAD1E6B0A77009F9E4F /* Main.storyboard in Resources */,
				2DBB0AA21E6B09F0009F9E4F /* Assets.xcassets in Resources */,
			);
			runOnlyForDeploymentPostprocessing = 0;
		};
		2DBB0A7A1E6B07F1009F9E4F /* Resources */ = {
			isa = PBXResourcesBuildPhase;
			buildActionMask = 2147483647;
			files = (
			);
			runOnlyForDeploymentPostprocessing = 0;
		};
		2DBB0A851E6B07F1009F9E4F /* Resources */ = {
			isa = PBXResourcesBuildPhase;
			buildActionMask = 2147483647;
			files = (
			);
			runOnlyForDeploymentPostprocessing = 0;
		};
/* End PBXResourcesBuildPhase section */

/* Begin PBXShellScriptBuildPhase section */
		2DBB0AD11E6B0F38009F9E4F /* ShellScript */ = {
			isa = PBXShellScriptBuildPhase;
			buildActionMask = 2147483647;
			files = (
			);
			inputPaths = (
				"$(SRCROOT)/Frameworks/Alamofire.framework",
				"$(SRCROOT)/Frameworks/ObjectMapper.framework",
				"$(SRCROOT)/Frameworks/Kingfisher.framework",
				"$(SRCROOT)/Frameworks/Realm.framework",
				"$(SRCROOT)/Frameworks/RealmSwift.framework",
			);
			outputPaths = (
			);
			runOnlyForDeploymentPostprocessing = 0;
			shellPath = /bin/sh;
			shellScript = "/usr/local/bin/carthage copy-frameworks";
		};
/* End PBXShellScriptBuildPhase section */

/* Begin PBXSourcesBuildPhase section */
		2DBB0A641E6B07F1009F9E4F /* Sources */ = {
			isa = PBXSourcesBuildPhase;
			buildActionMask = 2147483647;
			files = (
				2DBB0AAE1E6B0A77009F9E4F /* ViewController.swift in Sources */,
				2DBB0ADA1E6B10B8009F9E4F /* APIRouter.swift in Sources */,
				2DBB0AD81E6B108E009F9E4F /* APIQuery.swift in Sources */,
				2DBB0AC11E6B0E5D009F9E4F /* UIStoryboard.swift in Sources */,
				2DBB0AD61E6B1056009F9E4F /* APIConfig.swift in Sources */,
				2DBB0AD41E6B0FCB009F9E4F /* UIImageView.swift in Sources */,
				2DBB0ABB1E6B0C66009F9E4F /* RequestHeaders.swift in Sources */,
				2DBB0ABE1E6B0E1C009F9E4F /* UICollectionView.swift in Sources */,
				2DBB0AA01E6B09D9009F9E4F /* AppDelegate.swift in Sources */,
				2DBB0AC41E6B0E96009F9E4F /* UITableView.swift in Sources */,
			);
			runOnlyForDeploymentPostprocessing = 0;
		};
		2DBB0A781E6B07F1009F9E4F /* Sources */ = {
			isa = PBXSourcesBuildPhase;
			buildActionMask = 2147483647;
			files = (
				2DBB0A811E6B07F1009F9E4F /* MoviesTests.swift in Sources */,
			);
			runOnlyForDeploymentPostprocessing = 0;
		};
		2DBB0A831E6B07F1009F9E4F /* Sources */ = {
			isa = PBXSourcesBuildPhase;
			buildActionMask = 2147483647;
			files = (
				2DBB0A8C1E6B07F1009F9E4F /* MoviesUITests.swift in Sources */,
			);
			runOnlyForDeploymentPostprocessing = 0;
		};
/* End PBXSourcesBuildPhase section */

/* Begin PBXTargetDependency section */
		2DBB0A7E1E6B07F1009F9E4F /* PBXTargetDependency */ = {
			isa = PBXTargetDependency;
			target = 2DBB0A671E6B07F1009F9E4F /* Movies */;
			targetProxy = 2DBB0A7D1E6B07F1009F9E4F /* PBXContainerItemProxy */;
		};
		2DBB0A891E6B07F1009F9E4F /* PBXTargetDependency */ = {
			isa = PBXTargetDependency;
			target = 2DBB0A671E6B07F1009F9E4F /* Movies */;
			targetProxy = 2DBB0A881E6B07F1009F9E4F /* PBXContainerItemProxy */;
		};
/* End PBXTargetDependency section */

/* Begin XCBuildConfiguration section */
		2DBB0A8E1E6B07F1009F9E4F /* Debug */ = {
			isa = XCBuildConfiguration;
			buildSettings = {
				ALWAYS_SEARCH_USER_PATHS = NO;
				CLANG_ANALYZER_NONNULL = YES;
				CLANG_CXX_LANGUAGE_STANDARD = "gnu++0x";
				CLANG_CXX_LIBRARY = "libc++";
				CLANG_ENABLE_MODULES = YES;
				CLANG_ENABLE_OBJC_ARC = YES;
				CLANG_WARN_BOOL_CONVERSION = YES;
				CLANG_WARN_CONSTANT_CONVERSION = YES;
				CLANG_WARN_DIRECT_OBJC_ISA_USAGE = YES_ERROR;
				CLANG_WARN_DOCUMENTATION_COMMENTS = YES;
				CLANG_WARN_EMPTY_BODY = YES;
				CLANG_WARN_ENUM_CONVERSION = YES;
				CLANG_WARN_INFINITE_RECURSION = YES;
				CLANG_WARN_INT_CONVERSION = YES;
				CLANG_WARN_OBJC_ROOT_CLASS = YES_ERROR;
				CLANG_WARN_SUSPICIOUS_MOVE = YES;
				CLANG_WARN_UNREACHABLE_CODE = YES;
				CLANG_WARN__DUPLICATE_METHOD_MATCH = YES;
				"CODE_SIGN_IDENTITY[sdk=iphoneos*]" = "iPhone Developer";
				COPY_PHASE_STRIP = NO;
				DEBUG_INFORMATION_FORMAT = dwarf;
				ENABLE_STRICT_OBJC_MSGSEND = YES;
				ENABLE_TESTABILITY = YES;
				GCC_C_LANGUAGE_STANDARD = gnu99;
				GCC_DYNAMIC_NO_PIC = NO;
				GCC_NO_COMMON_BLOCKS = YES;
				GCC_OPTIMIZATION_LEVEL = 0;
				GCC_PREPROCESSOR_DEFINITIONS = (
					"DEBUG=1",
					"$(inherited)",
				);
				GCC_WARN_64_TO_32_BIT_CONVERSION = YES;
				GCC_WARN_ABOUT_RETURN_TYPE = YES_ERROR;
				GCC_WARN_UNDECLARED_SELECTOR = YES;
				GCC_WARN_UNINITIALIZED_AUTOS = YES_AGGRESSIVE;
				GCC_WARN_UNUSED_FUNCTION = YES;
				GCC_WARN_UNUSED_VARIABLE = YES;
				IPHONEOS_DEPLOYMENT_TARGET = 10.2;
				MTL_ENABLE_DEBUG_INFO = YES;
				ONLY_ACTIVE_ARCH = YES;
				SDKROOT = iphoneos;
				SWIFT_ACTIVE_COMPILATION_CONDITIONS = DEBUG;
				SWIFT_OPTIMIZATION_LEVEL = "-Onone";
			};
			name = Debug;
		};
		2DBB0A8F1E6B07F1009F9E4F /* Release */ = {
			isa = XCBuildConfiguration;
			buildSettings = {
				ALWAYS_SEARCH_USER_PATHS = NO;
				CLANG_ANALYZER_NONNULL = YES;
				CLANG_CXX_LANGUAGE_STANDARD = "gnu++0x";
				CLANG_CXX_LIBRARY = "libc++";
				CLANG_ENABLE_MODULES = YES;
				CLANG_ENABLE_OBJC_ARC = YES;
				CLANG_WARN_BOOL_CONVERSION = YES;
				CLANG_WARN_CONSTANT_CONVERSION = YES;
				CLANG_WARN_DIRECT_OBJC_ISA_USAGE = YES_ERROR;
				CLANG_WARN_DOCUMENTATION_COMMENTS = YES;
				CLANG_WARN_EMPTY_BODY = YES;
				CLANG_WARN_ENUM_CONVERSION = YES;
				CLANG_WARN_INFINITE_RECURSION = YES;
				CLANG_WARN_INT_CONVERSION = YES;
				CLANG_WARN_OBJC_ROOT_CLASS = YES_ERROR;
				CLANG_WARN_SUSPICIOUS_MOVE = YES;
				CLANG_WARN_UNREACHABLE_CODE = YES;
				CLANG_WARN__DUPLICATE_METHOD_MATCH = YES;
				"CODE_SIGN_IDENTITY[sdk=iphoneos*]" = "iPhone Developer";
				COPY_PHASE_STRIP = NO;
				DEBUG_INFORMATION_FORMAT = "dwarf-with-dsym";
				ENABLE_NS_ASSERTIONS = NO;
				ENABLE_STRICT_OBJC_MSGSEND = YES;
				GCC_C_LANGUAGE_STANDARD = gnu99;
				GCC_NO_COMMON_BLOCKS = YES;
				GCC_WARN_64_TO_32_BIT_CONVERSION = YES;
				GCC_WARN_ABOUT_RETURN_TYPE = YES_ERROR;
				GCC_WARN_UNDECLARED_SELECTOR = YES;
				GCC_WARN_UNINITIALIZED_AUTOS = YES_AGGRESSIVE;
				GCC_WARN_UNUSED_FUNCTION = YES;
				GCC_WARN_UNUSED_VARIABLE = YES;
				IPHONEOS_DEPLOYMENT_TARGET = 10.2;
				MTL_ENABLE_DEBUG_INFO = NO;
				SDKROOT = iphoneos;
				SWIFT_OPTIMIZATION_LEVEL = "-Owholemodule";
				VALIDATE_PRODUCT = YES;
			};
			name = Release;
		};
		2DBB0A911E6B07F1009F9E4F /* Debug */ = {
			isa = XCBuildConfiguration;
			buildSettings = {
				ASSETCATALOG_COMPILER_APPICON_NAME = AppIcon;
				DEVELOPMENT_TEAM = TUCZH33VDS;
				FRAMEWORK_SEARCH_PATHS = (
					"$(inherited)",
					"$(PROJECT_DIR)/Frameworks",
				);
				INFOPLIST_FILE = "$(SRCROOT)/Movies/Config/Info.plist";
				LD_RUNPATH_SEARCH_PATHS = "$(inherited) @executable_path/Frameworks";
				PRODUCT_BUNDLE_IDENTIFIER = com.NelsonB.Movies;
				PRODUCT_NAME = "$(TARGET_NAME)";
				SWIFT_VERSION = 3.0;
			};
			name = Debug;
		};
		2DBB0A921E6B07F1009F9E4F /* Release */ = {
			isa = XCBuildConfiguration;
			buildSettings = {
				ASSETCATALOG_COMPILER_APPICON_NAME = AppIcon;
				DEVELOPMENT_TEAM = TUCZH33VDS;
				FRAMEWORK_SEARCH_PATHS = (
					"$(inherited)",
					"$(PROJECT_DIR)/Frameworks",
				);
				INFOPLIST_FILE = "$(SRCROOT)/Movies/Config/Info.plist";
				LD_RUNPATH_SEARCH_PATHS = "$(inherited) @executable_path/Frameworks";
				PRODUCT_BUNDLE_IDENTIFIER = com.NelsonB.Movies;
				PRODUCT_NAME = "$(TARGET_NAME)";
				SWIFT_VERSION = 3.0;
			};
			name = Release;
		};
		2DBB0A941E6B07F1009F9E4F /* Debug */ = {
			isa = XCBuildConfiguration;
			buildSettings = {
				ALWAYS_EMBED_SWIFT_STANDARD_LIBRARIES = YES;
				BUNDLE_LOADER = "$(TEST_HOST)";
				DEVELOPMENT_TEAM = TUCZH33VDS;
				INFOPLIST_FILE = MoviesTests/Info.plist;
				LD_RUNPATH_SEARCH_PATHS = "$(inherited) @executable_path/Frameworks @loader_path/Frameworks";
				PRODUCT_BUNDLE_IDENTIFIER = com.NelsonB.MoviesTests;
				PRODUCT_NAME = "$(TARGET_NAME)";
				SWIFT_VERSION = 3.0;
				TEST_HOST = "$(BUILT_PRODUCTS_DIR)/Movies.app/Movies";
			};
			name = Debug;
		};
		2DBB0A951E6B07F1009F9E4F /* Release */ = {
			isa = XCBuildConfiguration;
			buildSettings = {
				ALWAYS_EMBED_SWIFT_STANDARD_LIBRARIES = YES;
				BUNDLE_LOADER = "$(TEST_HOST)";
				DEVELOPMENT_TEAM = TUCZH33VDS;
				INFOPLIST_FILE = MoviesTests/Info.plist;
				LD_RUNPATH_SEARCH_PATHS = "$(inherited) @executable_path/Frameworks @loader_path/Frameworks";
				PRODUCT_BUNDLE_IDENTIFIER = com.NelsonB.MoviesTests;
				PRODUCT_NAME = "$(TARGET_NAME)";
				SWIFT_VERSION = 3.0;
				TEST_HOST = "$(BUILT_PRODUCTS_DIR)/Movies.app/Movies";
			};
			name = Release;
		};
		2DBB0A971E6B07F1009F9E4F /* Debug */ = {
			isa = XCBuildConfiguration;
			buildSettings = {
				ALWAYS_EMBED_SWIFT_STANDARD_LIBRARIES = YES;
				DEVELOPMENT_TEAM = TUCZH33VDS;
				INFOPLIST_FILE = MoviesUITests/Info.plist;
				LD_RUNPATH_SEARCH_PATHS = "$(inherited) @executable_path/Frameworks @loader_path/Frameworks";
				PRODUCT_BUNDLE_IDENTIFIER = com.NelsonB.MoviesUITests;
				PRODUCT_NAME = "$(TARGET_NAME)";
				SWIFT_VERSION = 3.0;
				TEST_TARGET_NAME = Movies;
			};
			name = Debug;
		};
		2DBB0A981E6B07F1009F9E4F /* Release */ = {
			isa = XCBuildConfiguration;
			buildSettings = {
				ALWAYS_EMBED_SWIFT_STANDARD_LIBRARIES = YES;
				DEVELOPMENT_TEAM = TUCZH33VDS;
				INFOPLIST_FILE = MoviesUITests/Info.plist;
				LD_RUNPATH_SEARCH_PATHS = "$(inherited) @executable_path/Frameworks @loader_path/Frameworks";
				PRODUCT_BUNDLE_IDENTIFIER = com.NelsonB.MoviesUITests;
				PRODUCT_NAME = "$(TARGET_NAME)";
				SWIFT_VERSION = 3.0;
				TEST_TARGET_NAME = Movies;
			};
			name = Release;
		};
/* End XCBuildConfiguration section */

/* Begin XCConfigurationList section */
		2DBB0A631E6B07F1009F9E4F /* Build configuration list for PBXProject "Movies" */ = {
			isa = XCConfigurationList;
			buildConfigurations = (
				2DBB0A8E1E6B07F1009F9E4F /* Debug */,
				2DBB0A8F1E6B07F1009F9E4F /* Release */,
			);
			defaultConfigurationIsVisible = 0;
			defaultConfigurationName = Release;
		};
		2DBB0A901E6B07F1009F9E4F /* Build configuration list for PBXNativeTarget "Movies" */ = {
			isa = XCConfigurationList;
			buildConfigurations = (
				2DBB0A911E6B07F1009F9E4F /* Debug */,
				2DBB0A921E6B07F1009F9E4F /* Release */,
			);
			defaultConfigurationIsVisible = 0;
		};
		2DBB0A931E6B07F1009F9E4F /* Build configuration list for PBXNativeTarget "MoviesTests" */ = {
			isa = XCConfigurationList;
			buildConfigurations = (
				2DBB0A941E6B07F1009F9E4F /* Debug */,
				2DBB0A951E6B07F1009F9E4F /* Release */,
			);
			defaultConfigurationIsVisible = 0;
		};
		2DBB0A961E6B07F1009F9E4F /* Build configuration list for PBXNativeTarget "MoviesUITests" */ = {
			isa = XCConfigurationList;
			buildConfigurations = (
				2DBB0A971E6B07F1009F9E4F /* Debug */,
				2DBB0A981E6B07F1009F9E4F /* Release */,
			);
			defaultConfigurationIsVisible = 0;
		};
/* End XCConfigurationList section */
	};
	rootObject = 2DBB0A601E6B07F1009F9E4F /* Project object */;
}
